
Microsoft Visual Studio Solution File, Format Version 12.00
# Visual Studio Version 17
VisualStudioVersion = 17.6.33815.320
MinimumVisualStudioVersion = 10.0.40219.1
Project("{FAE04EC0-301F-11D3-BF4B-00C04F79EFBC}") = "SocialNetworkAsp.Business", "SocialNetworkAsp.Business\SocialNetworkAsp.Business.csproj", "{284076BD-1949-499C-B64B-67A0022046B8}"
EndProject
Project("{FAE04EC0-301F-11D3-BF4B-00C04F79EFBC}") = "SocialNetworkAsp.Core", "SocialNetworkAsp.Core\SocialNetworkAsp.Core.csproj", "{6EFA4159-B789-4E21-80AC-07004A7A285A}"
EndProject
Project("{FAE04EC0-301F-11D3-BF4B-00C04F79EFBC}") = "SocialNetworkAsp.DataAccess", "SocialNetworkAsp.DataAccess\SocialNetworkAsp.DataAccess.csproj", "{57F052DA-AC8D-4DC0-A82C-CC561A07D3C6}"
EndProject
Project("{FAE04EC0-301F-11D3-BF4B-00C04F79EFBC}") = "SocialNetworkAsp.Entities", "SocialNetworkAsp.Entities\SocialNetworkAsp.Entities.csproj", "{2BFF3ED9-6B51-4749-81BF-A8FD6F9583B9}"
EndProject
Project("{FAE04EC0-301F-11D3-BF4B-00C04F79EFBC}") = "SocialNetworkAsp.WebUI", "SocialNetworkAsp.WebUI\SocialNetworkAsp.WebUI.csproj", "{BA7B871E-2A14-43F6-9A0D-5B6B47704C65}"
EndProject
Global
	GlobalSection(SolutionConfigurationPlatforms) = preSolution
		Debug|Any CPU = Debug|Any CPU
		Release|Any CPU = Release|Any CPU
	EndGlobalSection
	GlobalSection(ProjectConfigurationPlatforms) = postSolution
		{284076BD-1949-499C-B64B-67A0022046B8}.Debug|Any CPU.ActiveCfg = Debug|Any CPU
		{284076BD-1949-499C-B64B-67A0022046B8}.Debug|Any CPU.Build.0 = Debug|Any CPU
		{284076BD-1949-499C-B64B-67A0022046B8}.Release|Any CPU.ActiveCfg = Release|Any CPU
		{284076BD-1949-499C-B64B-67A0022046B8}.Release|Any CPU.Build.0 = Release|Any CPU
		{6EFA4159-B789-4E21-80AC-07004A7A285A}.Debug|Any CPU.ActiveCfg = Debug|Any CPU
		{6EFA4159-B789-4E21-80AC-07004A7A285A}.Debug|Any CPU.Build.0 = Debug|Any CPU
		{6EFA4159-B789-4E21-80AC-07004A7A285A}.Release|Any CPU.ActiveCfg = Release|Any CPU
		{6EFA4159-B789-4E21-80AC-07004A7A285A}.Release|Any CPU.Build.0 = Release|Any CPU
		{57F052DA-AC8D-4DC0-A82C-CC561A07D3C6}.Debug|Any CPU.ActiveCfg = Debug|Any CPU
		{57F052DA-AC8D-4DC0-A82C-CC561A07D3C6}.Debug|Any CPU.Build.0 = Debug|Any CPU
		{57F052DA-AC8D-4DC0-A82C-CC561A07D3C6}.Release|Any CPU.ActiveCfg = Release|Any CPU
		{57F052DA-AC8D-4DC0-A82C-CC561A07D3C6}.Release|Any CPU.Build.0 = Release|Any CPU
		{2BFF3ED9-6B51-4749-81BF-A8FD6F9583B9}.Debug|Any CPU.ActiveCfg = Debug|Any CPU
		{2BFF3ED9-6B51-4749-81BF-A8FD6F9583B9}.Debug|Any CPU.Build.0 = Debug|Any CPU
		{2BFF3ED9-6B51-4749-81BF-A8FD6F9583B9}.Release|Any CPU.ActiveCfg = Release|Any CPU
		{2BFF3ED9-6B51-4749-81BF-A8FD6F9583B9}.Release|Any CPU.Build.0 = Release|Any CPU
		{BA7B871E-2A14-43F6-9A0D-5B6B47704C65}.Debug|Any CPU.ActiveCfg = Debug|Any CPU
		{BA7B871E-2A14-43F6-9A0D-5B6B47704C65}.Debug|Any CPU.Build.0 = Debug|Any CPU
		{BA7B871E-2A14-43F6-9A0D-5B6B47704C65}.Release|Any CPU.ActiveCfg = Release|Any CPU
		{BA7B871E-2A14-43F6-9A0D-5B6B47704C65}.Release|Any CPU.Build.0 = Release|Any CPU
	EndGlobalSection
	GlobalSection(SolutionProperties) = preSolution
		HideSolutionNode = FALSE
	EndGlobalSection
	GlobalSection(ExtensibilityGlobals) = postSolution
		SolutionGuid = {315357B1-C0CB-43B0-9E14-79CCF556DECD}
	EndGlobalSection
EndGlobal
